github.com/google/uuid v1.6.0 h1:NIvaJDMOsjHA8n1jAhLSgzrAzy1Hgr+hNrb57e+94F0=
github.com/google/uuid v1.6.0/go.mod h1:TIyPZe4MgqvfeYDBFedMoGGpEw/LqOeaOT+nhxU+yHo=
github.com/jedib0t/go-pretty/v6 v6.7.5 h1:9dJSWTJnsXJVVAbvxIFxeHf/JxoJd7GUl5o3UzhtuiM=
github.com/jedib0t/go-pretty/v6 v6.7.5/go.mod h1:YwC5CE4fJ1HFUDeivSV1r//AmANFHyqczZk+U6BDALU=
